// !$*UTF8*$!
{
	archiveVersion = 1;
	classes = {
	};
	objectVersion = 56;
	objects = {

/* Begin PBXBuildFile section */
		106C55322C2620810015A337 /* ResponseDTO.swift in Sources */ = {isa = PBXBuildFile; fileRef = 106C55312C2620810015A337 /* ResponseDTO.swift */; };
		106C55352C2621090015A337 /* DataDto.swift in Sources */ = {isa = PBXBuildFile; fileRef = 106C55342C2621090015A337 /* DataDto.swift */; };
		106C55382C26217D0015A337 /* BlocksDTO.swift in Sources */ = {isa = PBXBuildFile; fileRef = 106C55372C26217D0015A337 /* BlocksDTO.swift */; };
		106C554D2C2747190015A337 /* SharesDTO.swift in Sources */ = {isa = PBXBuildFile; fileRef = 106C554C2C2747190015A337 /* SharesDTO.swift */; };
		106C55502C2747570015A337 /* ListDTO.swift in Sources */ = {isa = PBXBuildFile; fileRef = 106C554F2C2747570015A337 /* ListDTO.swift */; };
		106C55562C2759480015A337 /* CatalogDTO.swift in Sources */ = {isa = PBXBuildFile; fileRef = 106C55552C2759480015A337 /* CatalogDTO.swift */; };
		106C55592C28BDA90015A337 /* CategoryViewCell.swift in Sources */ = {isa = PBXBuildFile; fileRef = 106C55582C28BDA90015A337 /* CategoryViewCell.swift */; };
		106C555C2C29485A0015A337 /* CategoryDTO.swift in Sources */ = {isa = PBXBuildFile; fileRef = 106C555B2C29485A0015A337 /* CategoryDTO.swift */; };
		106C555F2C2949730015A337 /* ImageDTO.swift in Sources */ = {isa = PBXBuildFile; fileRef = 106C555E2C2949730015A337 /* ImageDTO.swift */; };
		106E852C2C2A9DD10089BC97 /* Model.swift in Sources */ = {isa = PBXBuildFile; fileRef = 106E852B2C2A9DD10089BC97 /* Model.swift */; };
		10812CCD2C2368C100CD8115 /* DIKIDIApp.swift in Sources */ = {isa = PBXBuildFile; fileRef = 10812CCC2C2368C100CD8115 /* DIKIDIApp.swift */; };
		10812CD12C2368C200CD8115 /* Assets.xcassets in Resources */ = {isa = PBXBuildFile; fileRef = 10812CD02C2368C200CD8115 /* Assets.xcassets */; };
		10812CD42C2368C200CD8115 /* Preview Assets.xcassets in Resources */ = {isa = PBXBuildFile; fileRef = 10812CD32C2368C200CD8115 /* Preview Assets.xcassets */; };
		10812CDE2C2368C200CD8115 /* DIKIDITests.swift in Sources */ = {isa = PBXBuildFile; fileRef = 10812CDD2C2368C200CD8115 /* DIKIDITests.swift */; };
		10812CE82C2368C200CD8115 /* DIKIDIUITests.swift in Sources */ = {isa = PBXBuildFile; fileRef = 10812CE72C2368C200CD8115 /* DIKIDIUITests.swift */; };
		10812CEA2C2368C200CD8115 /* DIKIDIUITestsLaunchTests.swift in Sources */ = {isa = PBXBuildFile; fileRef = 10812CE92C2368C200CD8115 /* DIKIDIUITestsLaunchTests.swift */; };
		10812CFA2C236A6900CD8115 /* TabBarMain.swift in Sources */ = {isa = PBXBuildFile; fileRef = 10812CF92C236A6900CD8115 /* TabBarMain.swift */; };
		10812CFD2C236AD900CD8115 /* MainView.swift in Sources */ = {isa = PBXBuildFile; fileRef = 10812CFC2C236AD900CD8115 /* MainView.swift */; };
		10812D012C236BBA00CD8115 /* CatalogView.swift in Sources */ = {isa = PBXBuildFile; fileRef = 10812D002C236BBA00CD8115 /* CatalogView.swift */; };
		10812D042C236CEC00CD8115 /* SaleView.swift in Sources */ = {isa = PBXBuildFile; fileRef = 10812D032C236CEC00CD8115 /* SaleView.swift */; };
		10812D072C236DCB00CD8115 /* MyNotesView.swift in Sources */ = {isa = PBXBuildFile; fileRef = 10812D062C236DCB00CD8115 /* MyNotesView.swift */; };
		10812D0A2C236E8F00CD8115 /* OtherView.swift in Sources */ = {isa = PBXBuildFile; fileRef = 10812D092C236E8F00CD8115 /* OtherView.swift */; };
		10812D0D2C236FE200CD8115 /* ViewModelMain.swift in Sources */ = {isa = PBXBuildFile; fileRef = 10812D0C2C236FE200CD8115 /* ViewModelMain.swift */; };
		10812D102C23709600CD8115 /* NetworkService.swift in Sources */ = {isa = PBXBuildFile; fileRef = 10812D0F2C23709600CD8115 /* NetworkService.swift */; };
		10B8195D2C2A203A00B39E2B /* PremiumViewCell.swift in Sources */ = {isa = PBXBuildFile; fileRef = 10B8195C2C2A203A00B39E2B /* PremiumViewCell.swift */; };
		10B819612C2A209200B39E2B /* CateforyViewCell.swift in Sources */ = {isa = PBXBuildFile; fileRef = 10B819602C2A209200B39E2B /* CateforyViewCell.swift */; };
		10B819642C2A20F000B39E2B /* Extension.swift in Sources */ = {isa = PBXBuildFile; fileRef = 10B819632C2A20F000B39E2B /* Extension.swift */; };
/* End PBXBuildFile section */

/* Begin PBXContainerItemProxy section */
		10812CDA2C2368C200CD8115 /* PBXContainerItemProxy */ = {
			isa = PBXContainerItemProxy;
			containerPortal = 10812CC12C2368C100CD8115 /* Project object */;
			proxyType = 1;
			remoteGlobalIDString = 10812CC82C2368C100CD8115;
			remoteInfo = DIKIDI;
		};
		10812CE42C2368C200CD8115 /* PBXContainerItemProxy */ = {
			isa = PBXContainerItemProxy;
			containerPortal = 10812CC12C2368C100CD8115 /* Project object */;
			proxyType = 1;
			remoteGlobalIDString = 10812CC82C2368C100CD8115;
			remoteInfo = DIKIDI;
		};
/* End PBXContainerItemProxy section */

/* Begin PBXFileReference section */
		106C55312C2620810015A337 /* ResponseDTO.swift */ = {isa = PBXFileReference; lastKnownFileType = sourcecode.swift; path = ResponseDTO.swift; sourceTree = "<group>"; };
		106C55342C2621090015A337 /* DataDto.swift */ = {isa = PBXFileReference; lastKnownFileType = sourcecode.swift; path = DataDto.swift; sourceTree = "<group>"; };
		106C55372C26217D0015A337 /* BlocksDTO.swift */ = {isa = PBXFileReference; lastKnownFileType = sourcecode.swift; path = BlocksDTO.swift; sourceTree = "<group>"; };
		106C554C2C2747190015A337 /* SharesDTO.swift */ = {isa = PBXFileReference; lastKnownFileType = sourcecode.swift; path = SharesDTO.swift; sourceTree = "<group>"; };
		106C554F2C2747570015A337 /* ListDTO.swift */ = {isa = PBXFileReference; lastKnownFileType = sourcecode.swift; path = ListDTO.swift; sourceTree = "<group>"; };
		106C55552C2759480015A337 /* CatalogDTO.swift */ = {isa = PBXFileReference; lastKnownFileType = sourcecode.swift; path = CatalogDTO.swift; sourceTree = "<group>"; };
		106C55582C28BDA90015A337 /* CategoryViewCell.swift */ = {isa = PBXFileReference; lastKnownFileType = sourcecode.swift; path = CategoryViewCell.swift; sourceTree = "<group>"; };
		106C555B2C29485A0015A337 /* CategoryDTO.swift */ = {isa = PBXFileReference; lastKnownFileType = sourcecode.swift; path = CategoryDTO.swift; sourceTree = "<group>"; };
		106C555E2C2949730015A337 /* ImageDTO.swift */ = {isa = PBXFileReference; lastKnownFileType = sourcecode.swift; path = ImageDTO.swift; sourceTree = "<group>"; };
		106E852B2C2A9DD10089BC97 /* Model.swift */ = {isa = PBXFileReference; lastKnownFileType = sourcecode.swift; path = Model.swift; sourceTree = "<group>"; };
		10812CC92C2368C100CD8115 /* DIKIDI.app */ = {isa = PBXFileReference; explicitFileType = wrapper.application; includeInIndex = 0; path = DIKIDI.app; sourceTree = BUILT_PRODUCTS_DIR; };
		10812CCC2C2368C100CD8115 /* DIKIDIApp.swift */ = {isa = PBXFileReference; lastKnownFileType = sourcecode.swift; path = DIKIDIApp.swift; sourceTree = "<group>"; };
		10812CD02C2368C200CD8115 /* Assets.xcassets */ = {isa = PBXFileReference; lastKnownFileType = folder.assetcatalog; path = Assets.xcassets; sourceTree = "<group>"; };
		10812CD32C2368C200CD8115 /* Preview Assets.xcassets */ = {isa = PBXFileReference; lastKnownFileType = folder.assetcatalog; path = "Preview Assets.xcassets"; sourceTree = "<group>"; };
		10812CD92C2368C200CD8115 /* DIKIDITests.xctest */ = {isa = PBXFileReference; explicitFileType = wrapper.cfbundle; includeInIndex = 0; path = DIKIDITests.xctest; sourceTree = BUILT_PRODUCTS_DIR; };
		10812CDD2C2368C200CD8115 /* DIKIDITests.swift */ = {isa = PBXFileReference; lastKnownFileType = sourcecode.swift; path = DIKIDITests.swift; sourceTree = "<group>"; };
		10812CE32C2368C200CD8115 /* DIKIDIUITests.xctest */ = {isa = PBXFileReference; explicitFileType = wrapper.cfbundle; includeInIndex = 0; path = DIKIDIUITests.xctest; sourceTree = BUILT_PRODUCTS_DIR; };
		10812CE72C2368C200CD8115 /* DIKIDIUITests.swift */ = {isa = PBXFileReference; lastKnownFileType = sourcecode.swift; path = DIKIDIUITests.swift; sourceTree = "<group>"; };
		10812CE92C2368C200CD8115 /* DIKIDIUITestsLaunchTests.swift */ = {isa = PBXFileReference; lastKnownFileType = sourcecode.swift; path = DIKIDIUITestsLaunchTests.swift; sourceTree = "<group>"; };
		10812CF92C236A6900CD8115 /* TabBarMain.swift */ = {isa = PBXFileReference; lastKnownFileType = sourcecode.swift; path = TabBarMain.swift; sourceTree = "<group>"; };
		10812CFC2C236AD900CD8115 /* MainView.swift */ = {isa = PBXFileReference; lastKnownFileType = sourcecode.swift; path = MainView.swift; sourceTree = "<group>"; };
		10812D002C236BBA00CD8115 /* CatalogView.swift */ = {isa = PBXFileReference; lastKnownFileType = sourcecode.swift; path = CatalogView.swift; sourceTree = "<group>"; };
		10812D032C236CEC00CD8115 /* SaleView.swift */ = {isa = PBXFileReference; lastKnownFileType = sourcecode.swift; path = SaleView.swift; sourceTree = "<group>"; };
		10812D062C236DCB00CD8115 /* MyNotesView.swift */ = {isa = PBXFileReference; lastKnownFileType = sourcecode.swift; path = MyNotesView.swift; sourceTree = "<group>"; };
		10812D092C236E8F00CD8115 /* OtherView.swift */ = {isa = PBXFileReference; lastKnownFileType = sourcecode.swift; path = OtherView.swift; sourceTree = "<group>"; };
		10812D0C2C236FE200CD8115 /* ViewModelMain.swift */ = {isa = PBXFileReference; lastKnownFileType = sourcecode.swift; path = ViewModelMain.swift; sourceTree = "<group>"; };
		10812D0F2C23709600CD8115 /* NetworkService.swift */ = {isa = PBXFileReference; lastKnownFileType = sourcecode.swift; path = NetworkService.swift; sourceTree = "<group>"; };
		10B8195C2C2A203A00B39E2B /* PremiumViewCell.swift */ = {isa = PBXFileReference; lastKnownFileType = sourcecode.swift; path = PremiumViewCell.swift; sourceTree = "<group>"; };
		10B819602C2A209200B39E2B /* CateforyViewCell.swift */ = {isa = PBXFileReference; lastKnownFileType = sourcecode.swift; path = CateforyViewCell.swift; sourceTree = "<group>"; };
		10B819632C2A20F000B39E2B /* Extension.swift */ = {isa = PBXFileReference; lastKnownFileType = sourcecode.swift; path = Extension.swift; sourceTree = "<group>"; };
/* End PBXFileReference section */

/* Begin PBXFrameworksBuildPhase section */
		10812CC62C2368C100CD8115 /* Frameworks */ = {
			isa = PBXFrameworksBuildPhase;
			buildActionMask = 2147483647;
			files = (
			);
			runOnlyForDeploymentPostprocessing = 0;
		};
		10812CD62C2368C200CD8115 /* Frameworks */ = {
			isa = PBXFrameworksBuildPhase;
			buildActionMask = 2147483647;
			files = (
			);
			runOnlyForDeploymentPostprocessing = 0;
		};
		10812CE02C2368C200CD8115 /* Frameworks */ = {
			isa = PBXFrameworksBuildPhase;
			buildActionMask = 2147483647;
			files = (
			);
			runOnlyForDeploymentPostprocessing = 0;
		};
/* End PBXFrameworksBuildPhase section */

/* Begin PBXGroup section */
		106C55332C2620DE0015A337 /* DataDto */ = {
			isa = PBXGroup;
			children = (
				106C55342C2621090015A337 /* DataDto.swift */,
			);
			path = DataDto;
			sourceTree = "<group>";
		};
		106C55362C26215F0015A337 /* BlocksDTO */ = {
			isa = PBXGroup;
			children = (
				106C55372C26217D0015A337 /* BlocksDTO.swift */,
			);
			path = BlocksDTO;
			sourceTree = "<group>";
		};
		106C554B2C2747000015A337 /* SharesDTO */ = {
			isa = PBXGroup;
			children = (
				106C554C2C2747190015A337 /* SharesDTO.swift */,
			);
			path = SharesDTO;
			sourceTree = "<group>";
		};
		106C554E2C2747480015A337 /* ListDTO */ = {
			isa = PBXGroup;
			children = (
				106C554F2C2747570015A337 /* ListDTO.swift */,
			);
			path = ListDTO;
			sourceTree = "<group>";
		};
		106C55542C2759370015A337 /* CatalogDTO */ = {
			isa = PBXGroup;
			children = (
				106C55552C2759480015A337 /* CatalogDTO.swift */,
			);
			path = CatalogDTO;
			sourceTree = "<group>";
		};
		106C55572C28BD8A0015A337 /* CategoryCell */ = {
			isa = PBXGroup;
			children = (
				106C55582C28BDA90015A337 /* CategoryViewCell.swift */,
			);
			path = CategoryCell;
			sourceTree = "<group>";
		};
		106C555A2C29482D0015A337 /* CategoryDTO */ = {
			isa = PBXGroup;
			children = (
				106C555B2C29485A0015A337 /* CategoryDTO.swift */,
			);
			path = CategoryDTO;
			sourceTree = "<group>";
		};
		106C555D2C2949620015A337 /* ImageDTO */ = {
			isa = PBXGroup;
			children = (
				106C555E2C2949730015A337 /* ImageDTO.swift */,
			);
			path = ImageDTO;
			sourceTree = "<group>";
		};
		106E852A2C2A9DC30089BC97 /* Model */ = {
			isa = PBXGroup;
			children = (
				106E852B2C2A9DD10089BC97 /* Model.swift */,
			);
			path = Model;
			sourceTree = "<group>";
		};
		10812CC02C2368C100CD8115 = {
			isa = PBXGroup;
			children = (
				10812CCB2C2368C100CD8115 /* DIKIDI */,
				10812CDC2C2368C200CD8115 /* DIKIDITests */,
				10812CE62C2368C200CD8115 /* DIKIDIUITests */,
				10812CCA2C2368C100CD8115 /* Products */,
			);
			sourceTree = "<group>";
		};
		10812CCA2C2368C100CD8115 /* Products */ = {
			isa = PBXGroup;
			children = (
				10812CC92C2368C100CD8115 /* DIKIDI.app */,
				10812CD92C2368C200CD8115 /* DIKIDITests.xctest */,
				10812CE32C2368C200CD8115 /* DIKIDIUITests.xctest */,
			);
			name = Products;
			sourceTree = "<group>";
		};
		10812CCB2C2368C100CD8115 /* DIKIDI */ = {
			isa = PBXGroup;
			children = (
				106E852A2C2A9DC30089BC97 /* Model */,
				10B819622C2A20DA00B39E2B /* Helpers */,
				10812D112C2371B600CD8115 /* DTO */,
				10812CF72C23692800CD8115 /* App */,
				10812CF82C23693F00CD8115 /* TabView */,
				10812CFB2C236AC600CD8115 /* MainModule */,
				10812CFF2C236BA500CD8115 /* CatalogModule */,
				10812D022C236CDB00CD8115 /* SaleModule */,
				10812D052C236DAF00CD8115 /* MyNotesModule */,
				10812D082C236E5D00CD8115 /* OtherView */,
				10812D0E2C23707600CD8115 /* NetworkService */,
				10812CD02C2368C200CD8115 /* Assets.xcassets */,
				10812CD22C2368C200CD8115 /* Preview Content */,
			);
			path = DIKIDI;
			sourceTree = "<group>";
		};
		10812CD22C2368C200CD8115 /* Preview Content */ = {
			isa = PBXGroup;
			children = (
				10812CD32C2368C200CD8115 /* Preview Assets.xcassets */,
			);
			path = "Preview Content";
			sourceTree = "<group>";
		};
		10812CDC2C2368C200CD8115 /* DIKIDITests */ = {
			isa = PBXGroup;
			children = (
				10812CDD2C2368C200CD8115 /* DIKIDITests.swift */,
			);
			path = DIKIDITests;
			sourceTree = "<group>";
		};
		10812CE62C2368C200CD8115 /* DIKIDIUITests */ = {
			isa = PBXGroup;
			children = (
				10812CE72C2368C200CD8115 /* DIKIDIUITests.swift */,
				10812CE92C2368C200CD8115 /* DIKIDIUITestsLaunchTests.swift */,
			);
			path = DIKIDIUITests;
			sourceTree = "<group>";
		};
		10812CF72C23692800CD8115 /* App */ = {
			isa = PBXGroup;
			children = (
				10812CCC2C2368C100CD8115 /* DIKIDIApp.swift */,
			);
			path = App;
			sourceTree = "<group>";
		};
		10812CF82C23693F00CD8115 /* TabView */ = {
			isa = PBXGroup;
			children = (
				10812CF92C236A6900CD8115 /* TabBarMain.swift */,
			);
			path = TabView;
			sourceTree = "<group>";
		};
		10812CFB2C236AC600CD8115 /* MainModule */ = {
			isa = PBXGroup;
			children = (
				10812D0B2C236FC800CD8115 /* ViewModel */,
				10812CFE2C236ADD00CD8115 /* View */,
			);
			path = MainModule;
			sourceTree = "<group>";
		};
		10812CFE2C236ADD00CD8115 /* View */ = {
			isa = PBXGroup;
			children = (
				10B8195E2C2A206600B39E2B /* Cell */,
				10812CFC2C236AD900CD8115 /* MainView.swift */,
			);
			path = View;
			sourceTree = "<group>";
		};
		10812CFF2C236BA500CD8115 /* CatalogModule */ = {
			isa = PBXGroup;
			children = (
				10812D002C236BBA00CD8115 /* CatalogView.swift */,
			);
			path = CatalogModule;
			sourceTree = "<group>";
		};
		10812D022C236CDB00CD8115 /* SaleModule */ = {
			isa = PBXGroup;
			children = (
				10812D032C236CEC00CD8115 /* SaleView.swift */,
			);
			path = SaleModule;
			sourceTree = "<group>";
		};
		10812D052C236DAF00CD8115 /* MyNotesModule */ = {
			isa = PBXGroup;
			children = (
				10812D062C236DCB00CD8115 /* MyNotesView.swift */,
			);
			path = MyNotesModule;
			sourceTree = "<group>";
		};
		10812D082C236E5D00CD8115 /* OtherView */ = {
			isa = PBXGroup;
			children = (
				10812D092C236E8F00CD8115 /* OtherView.swift */,
			);
			path = OtherView;
			sourceTree = "<group>";
		};
		10812D0B2C236FC800CD8115 /* ViewModel */ = {
			isa = PBXGroup;
			children = (
				10812D0C2C236FE200CD8115 /* ViewModelMain.swift */,
			);
			path = ViewModel;
			sourceTree = "<group>";
		};
		10812D0E2C23707600CD8115 /* NetworkService */ = {
			isa = PBXGroup;
			children = (
				10812D0F2C23709600CD8115 /* NetworkService.swift */,
			);
			path = NetworkService;
			sourceTree = "<group>";
		};
		10812D112C2371B600CD8115 /* DTO */ = {
			isa = PBXGroup;
			children = (
				106C555D2C2949620015A337 /* ImageDTO */,
				106C555A2C29482D0015A337 /* CategoryDTO */,
				106C55542C2759370015A337 /* CatalogDTO */,
				106C554E2C2747480015A337 /* ListDTO */,
				106C554B2C2747000015A337 /* SharesDTO */,
				106C55362C26215F0015A337 /* BlocksDTO */,
				106C55332C2620DE0015A337 /* DataDto */,
				10812D122C23720000CD8115 /* ResponseDTO */,
			);
			path = DTO;
			sourceTree = "<group>";
		};
		10812D122C23720000CD8115 /* ResponseDTO */ = {
			isa = PBXGroup;
			children = (
				106C55312C2620810015A337 /* ResponseDTO.swift */,
			);
			path = ResponseDTO;
			sourceTree = "<group>";
		};
		10B8195B2C2A202100B39E2B /* PremiumViewCell */ = {
			isa = PBXGroup;
			children = (
				10B8195C2C2A203A00B39E2B /* PremiumViewCell.swift */,
			);
			path = PremiumViewCell;
			sourceTree = "<group>";
		};
		10B8195E2C2A206600B39E2B /* Cell */ = {
			isa = PBXGroup;
			children = (
				10B8195F2C2A207B00B39E2B /* CategoryViewCell */,
				106C55572C28BD8A0015A337 /* CategoryCell */,
				10B8195B2C2A202100B39E2B /* PremiumViewCell */,
			);
			path = Cell;
			sourceTree = "<group>";
		};
		10B8195F2C2A207B00B39E2B /* CategoryViewCell */ = {
			isa = PBXGroup;
			children = (
				10B819602C2A209200B39E2B /* CateforyViewCell.swift */,
			);
			path = CategoryViewCell;
			sourceTree = "<group>";
		};
		10B819622C2A20DA00B39E2B /* Helpers */ = {
			isa = PBXGroup;
			children = (
				10B819632C2A20F000B39E2B /* Extension.swift */,
			);
			path = Helpers;
			sourceTree = "<group>";
		};
/* End PBXGroup section */

/* Begin PBXNativeTarget section */
		10812CC82C2368C100CD8115 /* DIKIDI */ = {
			isa = PBXNativeTarget;
			buildConfigurationList = 10812CED2C2368C200CD8115 /* Build configuration list for PBXNativeTarget "DIKIDI" */;
			buildPhases = (
				10812CC52C2368C100CD8115 /* Sources */,
				10812CC62C2368C100CD8115 /* Frameworks */,
				10812CC72C2368C100CD8115 /* Resources */,
			);
			buildRules = (
			);
			dependencies = (
			);
			name = DIKIDI;
			productName = DIKIDI;
			productReference = 10812CC92C2368C100CD8115 /* DIKIDI.app */;
			productType = "com.apple.product-type.application";
		};
		10812CD82C2368C200CD8115 /* DIKIDITests */ = {
			isa = PBXNativeTarget;
			buildConfigurationList = 10812CF02C2368C200CD8115 /* Build configuration list for PBXNativeTarget "DIKIDITests" */;
			buildPhases = (
				10812CD52C2368C200CD8115 /* Sources */,
				10812CD62C2368C200CD8115 /* Frameworks */,
				10812CD72C2368C200CD8115 /* Resources */,
			);
			buildRules = (
			);
			dependencies = (
				10812CDB2C2368C200CD8115 /* PBXTargetDependency */,
			);
			name = DIKIDITests;
			productName = DIKIDITests;
			productReference = 10812CD92C2368C200CD8115 /* DIKIDITests.xctest */;
			productType = "com.apple.product-type.bundle.unit-test";
		};
		10812CE22C2368C200CD8115 /* DIKIDIUITests */ = {
			isa = PBXNativeTarget;
			buildConfigurationList = 10812CF32C2368C200CD8115 /* Build configuration list for PBXNativeTarget "DIKIDIUITests" */;
			buildPhases = (
				10812CDF2C2368C200CD8115 /* Sources */,
				10812CE02C2368C200CD8115 /* Frameworks */,
				10812CE12C2368C200CD8115 /* Resources */,
			);
			buildRules = (
			);
			dependencies = (
				10812CE52C2368C200CD8115 /* PBXTargetDependency */,
			);
			name = DIKIDIUITests;
			productName = DIKIDIUITests;
			productReference = 10812CE32C2368C200CD8115 /* DIKIDIUITests.xctest */;
			productType = "com.apple.product-type.bundle.ui-testing";
		};
/* End PBXNativeTarget section */

/* Begin PBXProject section */
		10812CC12C2368C100CD8115 /* Project object */ = {
			isa = PBXProject;
			attributes = {
				BuildIndependentTargetsInParallel = 1;
				LastSwiftUpdateCheck = 1530;
				LastUpgradeCheck = 1530;
				TargetAttributes = {
					10812CC82C2368C100CD8115 = {
						CreatedOnToolsVersion = 15.3;
					};
					10812CD82C2368C200CD8115 = {
						CreatedOnToolsVersion = 15.3;
						TestTargetID = 10812CC82C2368C100CD8115;
					};
					10812CE22C2368C200CD8115 = {
						CreatedOnToolsVersion = 15.3;
						TestTargetID = 10812CC82C2368C100CD8115;
					};
				};
			};
			buildConfigurationList = 10812CC42C2368C100CD8115 /* Build configuration list for PBXProject "DIKIDI" */;
			compatibilityVersion = "Xcode 14.0";
			developmentRegion = en;
			hasScannedForEncodings = 0;
			knownRegions = (
				en,
				Base,
			);
			mainGroup = 10812CC02C2368C100CD8115;
			productRefGroup = 10812CCA2C2368C100CD8115 /* Products */;
			projectDirPath = "";
			projectRoot = "";
			targets = (
				10812CC82C2368C100CD8115 /* DIKIDI */,
				10812CD82C2368C200CD8115 /* DIKIDITests */,
				10812CE22C2368C200CD8115 /* DIKIDIUITests */,
			);
		};
/* End PBXProject section */

/* Begin PBXResourcesBuildPhase section */
		10812CC72C2368C100CD8115 /* Resources */ = {
			isa = PBXResourcesBuildPhase;
			buildActionMask = 2147483647;
			files = (
				10812CD42C2368C200CD8115 /* Preview Assets.xcassets in Resources */,
				10812CD12C2368C200CD8115 /* Assets.xcassets in Resources */,
			);
			runOnlyForDeploymentPostprocessing = 0;
		};
		10812CD72C2368C200CD8115 /* Resources */ = {
			isa = PBXResourcesBuildPhase;
			buildActionMask = 2147483647;
			files = (
			);
			runOnlyForDeploymentPostprocessing = 0;
		};
		10812CE12C2368C200CD8115 /* Resources */ = {
			isa = PBXResourcesBuildPhase;
			buildActionMask = 2147483647;
			files = (
			);
			runOnlyForDeploymentPostprocessing = 0;
		};
/* End PBXResourcesBuildPhase section */

/* Begin PBXSourcesBuildPhase section */
		10812CC52C2368C100CD8115 /* Sources */ = {
			isa = PBXSourcesBuildPhase;
			buildActionMask = 2147483647;
			files = (
				10812CFA2C236A6900CD8115 /* TabBarMain.swift in Sources */,
				10812CFD2C236AD900CD8115 /* MainView.swift in Sources */,
				10812D072C236DCB00CD8115 /* MyNotesView.swift in Sources */,
				10812D042C236CEC00CD8115 /* SaleView.swift in Sources */,
				10812D102C23709600CD8115 /* NetworkService.swift in Sources */,
				106C555F2C2949730015A337 /* ImageDTO.swift in Sources */,
				106C55592C28BDA90015A337 /* CategoryViewCell.swift in Sources */,
				10812D0A2C236E8F00CD8115 /* OtherView.swift in Sources */,
				10812D0D2C236FE200CD8115 /* ViewModelMain.swift in Sources */,
				10B819642C2A20F000B39E2B /* Extension.swift in Sources */,
				10B819612C2A209200B39E2B /* CateforyViewCell.swift in Sources */,
				106C55322C2620810015A337 /* ResponseDTO.swift in Sources */,
				106C554D2C2747190015A337 /* SharesDTO.swift in Sources */,
				10812D012C236BBA00CD8115 /* CatalogView.swift in Sources */,
				10812CCD2C2368C100CD8115 /* DIKIDIApp.swift in Sources */,
				106C55352C2621090015A337 /* DataDto.swift in Sources */,
				10B8195D2C2A203A00B39E2B /* PremiumViewCell.swift in Sources */,
				106C55562C2759480015A337 /* CatalogDTO.swift in Sources */,
				106C55382C26217D0015A337 /* BlocksDTO.swift in Sources */,
				106E852C2C2A9DD10089BC97 /* Model.swift in Sources */,
				106C55502C2747570015A337 /* ListDTO.swift in Sources */,
				106C555C2C29485A0015A337 /* CategoryDTO.swift in Sources */,
			);
			runOnlyForDeploymentPostprocessing = 0;
		};
		10812CD52C2368C200CD8115 /* Sources */ = {
			isa = PBXSourcesBuildPhase;
			buildActionMask = 2147483647;
			files = (
				10812CDE2C2368C200CD8115 /* DIKIDITests.swift in Sources */,
			);
			runOnlyForDeploymentPostprocessing = 0;
		};
		10812CDF2C2368C200CD8115 /* Sources */ = {
			isa = PBXSourcesBuildPhase;
			buildActionMask = 2147483647;
			files = (
				10812CEA2C2368C200CD8115 /* DIKIDIUITestsLaunchTests.swift in Sources */,
				10812CE82C2368C200CD8115 /* DIKIDIUITests.swift in Sources */,
			);
			runOnlyForDeploymentPostprocessing = 0;
		};
/* End PBXSourcesBuildPhase section */

/* Begin PBXTargetDependency section */
		10812CDB2C2368C200CD8115 /* PBXTargetDependency */ = {
			isa = PBXTargetDependency;
			target = 10812CC82C2368C100CD8115 /* DIKIDI */;
			targetProxy = 10812CDA2C2368C200CD8115 /* PBXContainerItemProxy */;
		};
		10812CE52C2368C200CD8115 /* PBXTargetDependency */ = {
			isa = PBXTargetDependency;
			target = 10812CC82C2368C100CD8115 /* DIKIDI */;
			targetProxy = 10812CE42C2368C200CD8115 /* PBXContainerItemProxy */;
		};
/* End PBXTargetDependency section */

/* Begin XCBuildConfiguration section */
		10812CEB2C2368C200CD8115 /* Debug */ = {
			isa = XCBuildConfiguration;
			buildSettings = {
				ALWAYS_SEARCH_USER_PATHS = NO;
				ASSETCATALOG_COMPILER_GENERATE_SWIFT_ASSET_SYMBOL_EXTENSIONS = YES;
				CLANG_ANALYZER_NONNULL = YES;
				CLANG_ANALYZER_NUMBER_OBJECT_CONVERSION = YES_AGGRESSIVE;
				CLANG_CXX_LANGUAGE_STANDARD = "gnu++20";
				CLANG_ENABLE_MODULES = YES;
				CLANG_ENABLE_OBJC_ARC = YES;
				CLANG_ENABLE_OBJC_WEAK = YES;
				CLANG_WARN_BLOCK_CAPTURE_AUTORELEASING = YES;
				CLANG_WARN_BOOL_CONVERSION = YES;
				CLANG_WARN_COMMA = YES;
				CLANG_WARN_CONSTANT_CONVERSION = YES;
				CLANG_WARN_DEPRECATED_OBJC_IMPLEMENTATIONS = YES;
				CLANG_WARN_DIRECT_OBJC_ISA_USAGE = YES_ERROR;
				CLANG_WARN_DOCUMENTATION_COMMENTS = YES;
				CLANG_WARN_EMPTY_BODY = YES;
				CLANG_WARN_ENUM_CONVERSION = YES;
				CLANG_WARN_INFINITE_RECURSION = YES;
				CLANG_WARN_INT_CONVERSION = YES;
				CLANG_WARN_NON_LITERAL_NULL_CONVERSION = YES;
				CLANG_WARN_OBJC_IMPLICIT_RETAIN_SELF = YES;
				CLANG_WARN_OBJC_LITERAL_CONVERSION = YES;
				CLANG_WARN_OBJC_ROOT_CLASS = YES_ERROR;
				CLANG_WARN_QUOTED_INCLUDE_IN_FRAMEWORK_HEADER = YES;
				CLANG_WARN_RANGE_LOOP_ANALYSIS = YES;
				CLANG_WARN_STRICT_PROTOTYPES = YES;
				CLANG_WARN_SUSPICIOUS_MOVE = YES;
				CLANG_WARN_UNGUARDED_AVAILABILITY = YES_AGGRESSIVE;
				CLANG_WARN_UNREACHABLE_CODE = YES;
				CLANG_WARN__DUPLICATE_METHOD_MATCH = YES;
				COPY_PHASE_STRIP = NO;
				DEBUG_INFORMATION_FORMAT = dwarf;
				ENABLE_STRICT_OBJC_MSGSEND = YES;
				ENABLE_TESTABILITY = YES;
				ENABLE_USER_SCRIPT_SANDBOXING = YES;
				GCC_C_LANGUAGE_STANDARD = gnu17;
				GCC_DYNAMIC_NO_PIC = NO;
				GCC_NO_COMMON_BLOCKS = YES;
				GCC_OPTIMIZATION_LEVEL = 0;
				GCC_PREPROCESSOR_DEFINITIONS = (
					"DEBUG=1",
					"$(inherited)",
				);
				GCC_WARN_64_TO_32_BIT_CONVERSION = YES;
				GCC_WARN_ABOUT_RETURN_TYPE = YES_ERROR;
				GCC_WARN_UNDECLARED_SELECTOR = YES;
				GCC_WARN_UNINITIALIZED_AUTOS = YES_AGGRESSIVE;
				GCC_WARN_UNUSED_FUNCTION = YES;
				GCC_WARN_UNUSED_VARIABLE = YES;
				IPHONEOS_DEPLOYMENT_TARGET = 17.4;
				LOCALIZATION_PREFERS_STRING_CATALOGS = YES;
				MTL_ENABLE_DEBUG_INFO = INCLUDE_SOURCE;
				MTL_FAST_MATH = YES;
				ONLY_ACTIVE_ARCH = YES;
				SDKROOT = iphoneos;
				SWIFT_ACTIVE_COMPILATION_CONDITIONS = "DEBUG $(inherited)";
				SWIFT_OPTIMIZATION_LEVEL = "-Onone";
			};
			name = Debug;
		};
		10812CEC2C2368C200CD8115 /* Release */ = {
			isa = XCBuildConfiguration;
			buildSettings = {
				ALWAYS_SEARCH_USER_PATHS = NO;
				ASSETCATALOG_COMPILER_GENERATE_SWIFT_ASSET_SYMBOL_EXTENSIONS = YES;
				CLANG_ANALYZER_NONNULL = YES;
				CLANG_ANALYZER_NUMBER_OBJECT_CONVERSION = YES_AGGRESSIVE;
				CLANG_CXX_LANGUAGE_STANDARD = "gnu++20";
				CLANG_ENABLE_MODULES = YES;
				CLANG_ENABLE_OBJC_ARC = YES;
				CLANG_ENABLE_OBJC_WEAK = YES;
				CLANG_WARN_BLOCK_CAPTURE_AUTORELEASING = YES;
				CLANG_WARN_BOOL_CONVERSION = YES;
				CLANG_WARN_COMMA = YES;
				CLANG_WARN_CONSTANT_CONVERSION = YES;
				CLANG_WARN_DEPRECATED_OBJC_IMPLEMENTATIONS = YES;
				CLANG_WARN_DIRECT_OBJC_ISA_USAGE = YES_ERROR;
				CLANG_WARN_DOCUMENTATION_COMMENTS = YES;
				CLANG_WARN_EMPTY_BODY = YES;
				CLANG_WARN_ENUM_CONVERSION = YES;
				CLANG_WARN_INFINITE_RECURSION = YES;
				CLANG_WARN_INT_CONVERSION = YES;
				CLANG_WARN_NON_LITERAL_NULL_CONVERSION = YES;
				CLANG_WARN_OBJC_IMPLICIT_RETAIN_SELF = YES;
				CLANG_WARN_OBJC_LITERAL_CONVERSION = YES;
				CLANG_WARN_OBJC_ROOT_CLASS = YES_ERROR;
				CLANG_WARN_QUOTED_INCLUDE_IN_FRAMEWORK_HEADER = YES;
				CLANG_WARN_RANGE_LOOP_ANALYSIS = YES;
				CLANG_WARN_STRICT_PROTOTYPES = YES;
				CLANG_WARN_SUSPICIOUS_MOVE = YES;
				CLANG_WARN_UNGUARDED_AVAILABILITY = YES_AGGRESSIVE;
				CLANG_WARN_UNREACHABLE_CODE = YES;
				CLANG_WARN__DUPLICATE_METHOD_MATCH = YES;
				COPY_PHASE_STRIP = NO;
				DEBUG_INFORMATION_FORMAT = "dwarf-with-dsym";
				ENABLE_NS_ASSERTIONS = NO;
				ENABLE_STRICT_OBJC_MSGSEND = YES;
				ENABLE_USER_SCRIPT_SANDBOXING = YES;
				GCC_C_LANGUAGE_STANDARD = gnu17;
				GCC_NO_COMMON_BLOCKS = YES;
				GCC_WARN_64_TO_32_BIT_CONVERSION = YES;
				GCC_WARN_ABOUT_RETURN_TYPE = YES_ERROR;
				GCC_WARN_UNDECLARED_SELECTOR = YES;
				GCC_WARN_UNINITIALIZED_AUTOS = YES_AGGRESSIVE;
				GCC_WARN_UNUSED_FUNCTION = YES;
				GCC_WARN_UNUSED_VARIABLE = YES;
				IPHONEOS_DEPLOYMENT_TARGET = 17.4;
				LOCALIZATION_PREFERS_STRING_CATALOGS = YES;
				MTL_ENABLE_DEBUG_INFO = NO;
				MTL_FAST_MATH = YES;
				SDKROOT = iphoneos;
				SWIFT_COMPILATION_MODE = wholemodule;
				VALIDATE_PRODUCT = YES;
			};
			name = Release;
		};
		10812CEE2C2368C200CD8115 /* Debug */ = {
			isa = XCBuildConfiguration;
			buildSettings = {
				ASSETCATALOG_COMPILER_APPICON_NAME = AppIcon;
				ASSETCATALOG_COMPILER_GLOBAL_ACCENT_COLOR_NAME = AccentColor;
				CODE_SIGN_STYLE = Automatic;
				CURRENT_PROJECT_VERSION = 1;
				DEVELOPMENT_ASSET_PATHS = "\"DIKIDI/Preview Content\"";
				DEVELOPMENT_TEAM = V54S3A3W4Z;
				ENABLE_PREVIEWS = YES;
				GENERATE_INFOPLIST_FILE = YES;
				INFOPLIST_KEY_UIApplicationSceneManifest_Generation = YES;
				INFOPLIST_KEY_UIApplicationSupportsIndirectInputEvents = YES;
				INFOPLIST_KEY_UILaunchScreen_Generation = YES;
				INFOPLIST_KEY_UISupportedInterfaceOrientations_iPad = "UIInterfaceOrientationPortrait UIInterfaceOrientationPortraitUpsideDown UIInterfaceOrientationLandscapeLeft UIInterfaceOrientationLandscapeRight";
				INFOPLIST_KEY_UISupportedInterfaceOrientations_iPhone = "UIInterfaceOrientationPortrait UIInterfaceOrientationLandscapeLeft UIInterfaceOrientationLandscapeRight";
				LD_RUNPATH_SEARCH_PATHS = (
					"$(inherited)",
					"@executable_path/Frameworks",
				);
				MARKETING_VERSION = 1.0;
				PRODUCT_BUNDLE_IDENTIFIER = com.raywenderlich.DIKIDI;
				PRODUCT_NAME = "$(TARGET_NAME)";
				SWIFT_EMIT_LOC_STRINGS = YES;
				SWIFT_VERSION = 5.0;
				TARGETED_DEVICE_FAMILY = "1,2";
			};
			name = Debug;
		};
		10812CEF2C2368C200CD8115 /* Release */ = {
			isa = XCBuildConfiguration;
			buildSettings = {
				ASSETCATALOG_COMPILER_APPICON_NAME = AppIcon;
				ASSETCATALOG_COMPILER_GLOBAL_ACCENT_COLOR_NAME = AccentColor;
				CODE_SIGN_STYLE = Automatic;
				CURRENT_PROJECT_VERSION = 1;
				DEVELOPMENT_ASSET_PATHS = "\"DIKIDI/Preview Content\"";
				DEVELOPMENT_TEAM = V54S3A3W4Z;
				ENABLE_PREVIEWS = YES;
				GENERATE_INFOPLIST_FILE = YES;
				INFOPLIST_KEY_UIApplicationSceneManifest_Generation = YES;
				INFOPLIST_KEY_UIApplicationSupportsIndirectInputEvents = YES;
				INFOPLIST_KEY_UILaunchScreen_Generation = YES;
				INFOPLIST_KEY_UISupportedInterfaceOrientations_iPad = "UIInterfaceOrientationPortrait UIInterfaceOrientationPortraitUpsideDown UIInterfaceOrientationLandscapeLeft UIInterfaceOrientationLandscapeRight";
				INFOPLIST_KEY_UISupportedInterfaceOrientations_iPhone = "UIInterfaceOrientationPortrait UIInterfaceOrientationLandscapeLeft UIInterfaceOrientationLandscapeRight";
				LD_RUNPATH_SEARCH_PATHS = (
					"$(inherited)",
					"@executable_path/Frameworks",
				);
				MARKETING_VERSION = 1.0;
				PRODUCT_BUNDLE_IDENTIFIER = com.raywenderlich.DIKIDI;
				PRODUCT_NAME = "$(TARGET_NAME)";
				SWIFT_EMIT_LOC_STRINGS = YES;
				SWIFT_VERSION = 5.0;
				TARGETED_DEVICE_FAMILY = "1,2";
			};
			name = Release;
		};
		10812CF12C2368C200CD8115 /* Debug */ = {
			isa = XCBuildConfiguration;
			buildSettings = {
				ALWAYS_EMBED_SWIFT_STANDARD_LIBRARIES = YES;
				BUNDLE_LOADER = "$(TEST_HOST)";
				CODE_SIGN_STYLE = Automatic;
				CURRENT_PROJECT_VERSION = 1;
				DEVELOPMENT_TEAM = V54S3A3W4Z;
				GENERATE_INFOPLIST_FILE = YES;
				IPHONEOS_DEPLOYMENT_TARGET = 17.4;
				MARKETING_VERSION = 1.0;
				PRODUCT_BUNDLE_IDENTIFIER = com.raywenderlich.DIKIDITests;
				PRODUCT_NAME = "$(TARGET_NAME)";
				SWIFT_EMIT_LOC_STRINGS = NO;
				SWIFT_VERSION = 5.0;
				TARGETED_DEVICE_FAMILY = "1,2";
				TEST_HOST = "$(BUILT_PRODUCTS_DIR)/DIKIDI.app/$(BUNDLE_EXECUTABLE_FOLDER_PATH)/DIKIDI";
			};
			name = Debug;
		};
		10812CF22C2368C200CD8115 /* Release */ = {
			isa = XCBuildConfiguration;
			buildSettings = {
				ALWAYS_EMBED_SWIFT_STANDARD_LIBRARIES = YES;
				BUNDLE_LOADER = "$(TEST_HOST)";
				CODE_SIGN_STYLE = Automatic;
				CURRENT_PROJECT_VERSION = 1;
				DEVELOPMENT_TEAM = V54S3A3W4Z;
				GENERATE_INFOPLIST_FILE = YES;
				IPHONEOS_DEPLOYMENT_TARGET = 17.4;
				MARKETING_VERSION = 1.0;
				PRODUCT_BUNDLE_IDENTIFIER = com.raywenderlich.DIKIDITests;
				PRODUCT_NAME = "$(TARGET_NAME)";
				SWIFT_EMIT_LOC_STRINGS = NO;
				SWIFT_VERSION = 5.0;
				TARGETED_DEVICE_FAMILY = "1,2";
				TEST_HOST = "$(BUILT_PRODUCTS_DIR)/DIKIDI.app/$(BUNDLE_EXECUTABLE_FOLDER_PATH)/DIKIDI";
			};
			name = Release;
		};
		10812CF42C2368C200CD8115 /* Debug */ = {
			isa = XCBuildConfiguration;
			buildSettings = {
				ALWAYS_EMBED_SWIFT_STANDARD_LIBRARIES = YES;
				CODE_SIGN_STYLE = Automatic;
				CURRENT_PROJECT_VERSION = 1;
				DEVELOPMENT_TEAM = V54S3A3W4Z;
				GENERATE_INFOPLIST_FILE = YES;
				MARKETING_VERSION = 1.0;
				PRODUCT_BUNDLE_IDENTIFIER = com.raywenderlich.DIKIDIUITests;
				PRODUCT_NAME = "$(TARGET_NAME)";
				SWIFT_EMIT_LOC_STRINGS = NO;
				SWIFT_VERSION = 5.0;
				TARGETED_DEVICE_FAMILY = "1,2";
				TEST_TARGET_NAME = DIKIDI;
			};
			name = Debug;
		};
		10812CF52C2368C200CD8115 /* Release */ = {
			isa = XCBuildConfiguration;
			buildSettings = {
				ALWAYS_EMBED_SWIFT_STANDARD_LIBRARIES = YES;
				CODE_SIGN_STYLE = Automatic;
				CURRENT_PROJECT_VERSION = 1;
				DEVELOPMENT_TEAM = V54S3A3W4Z;
				GENERATE_INFOPLIST_FILE = YES;
				MARKETING_VERSION = 1.0;
				PRODUCT_BUNDLE_IDENTIFIER = com.raywenderlich.DIKIDIUITests;
				PRODUCT_NAME = "$(TARGET_NAME)";
				SWIFT_EMIT_LOC_STRINGS = NO;
				SWIFT_VERSION = 5.0;
				TARGETED_DEVICE_FAMILY = "1,2";
				TEST_TARGET_NAME = DIKIDI;
			};
			name = Release;
		};
/* End XCBuildConfiguration section */

/* Begin XCConfigurationList section */
		10812CC42C2368C100CD8115 /* Build configuration list for PBXProject "DIKIDI" */ = {
			isa = XCConfigurationList;
			buildConfigurations = (
				10812CEB2C2368C200CD8115 /* Debug */,
				10812CEC2C2368C200CD8115 /* Release */,
			);
			defaultConfigurationIsVisible = 0;
			defaultConfigurationName = Release;
		};
		10812CED2C2368C200CD8115 /* Build configuration list for PBXNativeTarget "DIKIDI" */ = {
			isa = XCConfigurationList;
			buildConfigurations = (
				10812CEE2C2368C200CD8115 /* Debug */,
				10812CEF2C2368C200CD8115 /* Release */,
			);
			defaultConfigurationIsVisible = 0;
			defaultConfigurationName = Release;
		};
		10812CF02C2368C200CD8115 /* Build configuration list for PBXNativeTarget "DIKIDITests" */ = {
			isa = XCConfigurationList;
			buildConfigurations = (
				10812CF12C2368C200CD8115 /* Debug */,
				10812CF22C2368C200CD8115 /* Release */,
			);
			defaultConfigurationIsVisible = 0;
			defaultConfigurationName = Release;
		};
		10812CF32C2368C200CD8115 /* Build configuration list for PBXNativeTarget "DIKIDIUITests" */ = {
			isa = XCConfigurationList;
			buildConfigurations = (
				10812CF42C2368C200CD8115 /* Debug */,
				10812CF52C2368C200CD8115 /* Release */,
			);
			defaultConfigurationIsVisible = 0;
			defaultConfigurationName = Release;
		};
/* End XCConfigurationList section */
	};
	rootObject = 10812CC12C2368C100CD8115 /* Project object */;
}
